
Microsoft Visual Studio Solution File, Format Version 12.00
Project("{FAE04EC0-301F-11D3-BF4B-00C04F79EFBC}") = "WPFLibrary", "WPFLibrary.csproj", "{ADFE6709-7AAF-4F7C-B27C-1F75AA00E221}"
EndProject
Global
	GlobalSection(SolutionConfigurationPlatforms) = preSolution
		Debug|Any CPU = Debug|Any CPU
		Release|Any CPU = Release|Any CPU
	EndGlobalSection
	GlobalSection(ProjectConfigurationPlatforms) = postSolution
		{ADFE6709-7AAF-4F7C-B27C-1F75AA00E221}.Debug|Any CPU.ActiveCfg = Debug|Any CPU
		{ADFE6709-7AAF-4F7C-B27C-1F75AA00E221}.Debug|Any CPU.Build.0 = Debug|Any CPU
		{ADFE6709-7AAF-4F7C-B27C-1F75AA00E221}.Release|Any CPU.ActiveCfg = Release|Any CPU
		{ADFE6709-7AAF-4F7C-B27C-1F75AA00E221}.Release|Any CPU.Build.0 = Release|Any CPU
	EndGlobalSection
EndGlobal
